
Microsoft Visual Studio Solution File, Format Version 12.00
# Visual Studio 15
VisualStudioVersion = 15.0.26403.3
MinimumVisualStudioVersion = 10.0.40219.1
Project("{F184B08F-C81C-45F6-A57F-5ABD9991F28F}") = "PS5000ABlock", "PS5000aBlock\PS5000ABlock.vbproj", "{92C16F8D-89AB-4D24-82AA-CD578BF86C99}"
EndProject
Project("{F184B08F-C81C-45F6-A57F-5ABD9991F28F}") = "PS5000aRapidBlock", "PS5000aRapidBlock\PS5000aRapidBlock.vbproj", "{5199368C-ED3D-4077-A51C-09926CF5B4C9}"
EndProject
Global
	GlobalSection(SolutionConfigurationPlatforms) = preSolution
		Debug|x64 = Debug|x64
		Debug|x86 = Debug|x86
		Release|x64 = Release|x64
		Release|x86 = Release|x86
	EndGlobalSection
	GlobalSection(ProjectConfigurationPlatforms) = postSolution
		{92C16F8D-89AB-4D24-82AA-CD578BF86C99}.Debug|x64.ActiveCfg = Debug|x64
		{92C16F8D-89AB-4D24-82AA-CD578BF86C99}.Debug|x64.Build.0 = Debug|x64
		{92C16F8D-89AB-4D24-82AA-CD578BF86C99}.Debug|x86.ActiveCfg = Debug|x86
		{92C16F8D-89AB-4D24-82AA-CD578BF86C99}.Debug|x86.Build.0 = Debug|x86
		{92C16F8D-89AB-4D24-82AA-CD578BF86C99}.Release|x64.ActiveCfg = Release|x64
		{92C16F8D-89AB-4D24-82AA-CD578BF86C99}.Release|x64.Build.0 = Release|x64
		{92C16F8D-89AB-4D24-82AA-CD578BF86C99}.Release|x86.ActiveCfg = Release|x86
		{92C16F8D-89AB-4D24-82AA-CD578BF86C99}.Release|x86.Build.0 = Release|x86
		{5199368C-ED3D-4077-A51C-09926CF5B4C9}.Debug|x64.ActiveCfg = Debug|x64
		{5199368C-ED3D-4077-A51C-09926CF5B4C9}.Debug|x64.Build.0 = Debug|x64
		{5199368C-ED3D-4077-A51C-09926CF5B4C9}.Debug|x86.ActiveCfg = Debug|x86
		{5199368C-ED3D-4077-A51C-09926CF5B4C9}.Debug|x86.Build.0 = Debug|x86
		{5199368C-ED3D-4077-A51C-09926CF5B4C9}.Release|x64.ActiveCfg = Release|x64
		{5199368C-ED3D-4077-A51C-09926CF5B4C9}.Release|x64.Build.0 = Release|x64
		{5199368C-ED3D-4077-A51C-09926CF5B4C9}.Release|x86.ActiveCfg = Release|x86
		{5199368C-ED3D-4077-A51C-09926CF5B4C9}.Release|x86.Build.0 = Release|x86
	EndGlobalSection
	GlobalSection(SolutionProperties) = preSolution
		HideSolutionNode = FALSE
	EndGlobalSection
EndGlobal
